
Microsoft Visual Studio Solution File, Format Version 12.00
# Visual Studio Version 16
VisualStudioVersion = 16.0.29418.71
MinimumVisualStudioVersion = 10.0.40219.1
Project("{FAE04EC0-301F-11D3-BF4B-00C04F79EFBC}") = "Volt Spoofer", "Volt\Volt Spoofer.csproj", "{042B6A37-2C4B-4CAE-B2FC-8D10A908541E}"
EndProject
Global
	GlobalSection(SolutionConfigurationPlatforms) = preSolution
		Debug|Any CPU = Debug|Any CPU
		Release|Any CPU = Release|Any CPU
	EndGlobalSection
	GlobalSection(ProjectConfigurationPlatforms) = postSolution
		{042B6A37-2C4B-4CAE-B2FC-8D10A908541E}.Debug|Any CPU.ActiveCfg = Debug|Any CPU
		{042B6A37-2C4B-4CAE-B2FC-8D10A908541E}.Debug|Any CPU.Build.0 = Debug|Any CPU
		{042B6A37-2C4B-4CAE-B2FC-8D10A908541E}.Release|Any CPU.ActiveCfg = Release|Any CPU
		{042B6A37-2C4B-4CAE-B2FC-8D10A908541E}.Release|Any CPU.Build.0 = Release|Any CPU
	EndGlobalSection
	GlobalSection(SolutionProperties) = preSolution
		HideSolutionNode = FALSE
	EndGlobalSection
	GlobalSection(ExtensibilityGlobals) = postSolution
		SolutionGuid = {FC983076-F5B9-4825-9FEB-7C17F0797CFA}
	EndGlobalSection
EndGlobal
